// !$*UTF8*$!
{
	archiveVersion = 1;
	classes = {
	};
	objectVersion = 77;
	objects = {

/* Begin PBXBuildFile section */
		1DF01A31301377EC008C49F3 /* ClassSession.swift in Sources */ = {isa = PBXBuildFile; fileRef = 1DF01A30301377DF008C49F3 /* ClassSession.swift */; };
		1DF01A4630137986008C49F3 /* ContentView.swift in Sources */ = {isa = PBXBuildFile; fileRef = 1DF01A4130137986008C49F3 /* ContentView.swift */; };
		1DF01A4730137986008C49F3 /* Item.swift in Sources */ = {isa = PBXBuildFile; fileRef = 1DF01A4230137986008C49F3 /* Item.swift */; };
		1DF01A4830137986008C49F3 /* StudyFlowApp.swift in Sources */ = {isa = PBXBuildFile; fileRef = 1DF01A4430137986008C49F3 /* StudyFlowApp.swift */; };
		1DF01A4930137986008C49F3 /* Assets.xcassets in Resources */ = {isa = PBXBuildFile; fileRef = 1DF01A4030137986008C49F3 /* Assets.xcassets */; };
		1DF01A4E30137AE9008C49F3 /* AddClassView.swift in Sources */ = {isa = PBXBuildFile; fileRef = 1DF01A4D30137ADE008C49F3 /* AddClassView.swift */; };
		1DF01A5230137D42008C49F3 /* ClassDetailView.swift in Sources */ = {isa = PBXBuildFile; fileRef = 1DF01A5130137D39008C49F3 /* ClassDetailView.swift */; };
		1DF01A5430138351008C49F3 /* DayTimetableView.swift in Sources */ = {isa = PBXBuildFile; fileRef = 1DF01A5330138343008C49F3 /* DayTimetableView.swift */; };
		1DF01A5630138360008C49F3 /* MonthTimetableView.swift in Sources */ = {isa = PBXBuildFile; fileRef = 1DF01A5530138357008C49F3 /* MonthTimetableView.swift */; };
		1DF01A583014C2E7008C49F3 /* ClassSession+Schedule.swift in Sources */ = {isa = PBXBuildFile; fileRef = 1DF01A573014C2D6008C49F3 /* ClassSession+Schedule.swift */; };
		1DF01A5A3014C604008C49F3 /* WeekTimetableView.swift in Sources */ = {isa = PBXBuildFile; fileRef = 1DF01A593014C5F8008C49F3 /* WeekTimetableView.swift */; };
		1DF01A5E3014C620008C49F3 /* Exam.swift in Sources */ = {isa = PBXBuildFile; fileRef = 1DF01A5D3014C61E008C49F3 /* Exam.swift */; };
		1DF01A693014CCE9008C49F3 /* EmptySectionView.swift in Sources */ = {isa = PBXBuildFile; fileRef = 1DF01A683014CCCB008C49F3 /* EmptySectionView.swift */; };
		1DF01A6A3014CE24008C49F3 /* ClassCard.swift in Sources */ = {isa = PBXBuildFile; fileRef = 1DF01A603014C64C008C49F3 /* ClassCard.swift */; };
		1DF01A6C3016E092008C49F3 /* ClassOptions.swift in Sources */ = {isa = PBXBuildFile; fileRef = 1DF01A6B3016DE01008C49F3 /* ClassOptions.swift */; };
		1DF01A6E3016EBF2008C49F3 /* FilterView.swift in Sources */ = {isa = PBXBuildFile; fileRef = 1DF01A6D3016EBE9008C49F3 /* FilterView.swift */; };
		1DF01A703016ED6B008C49F3 /* Task.swift in Sources */ = {isa = PBXBuildFile; fileRef = 1DF01A6F3016ED69008C49F3 /* Task.swift */; };
		1DF01A733016EECF008C49F3 /* TasksView.swift in Sources */ = {isa = PBXBuildFile; fileRef = 1DF01A723016EEC3008C49F3 /* TasksView.swift */; };
		1DF01A753016EF35008C49F3 /* AddTaskView.swift in Sources */ = {isa = PBXBuildFile; fileRef = 1DF01A743016EF2C008C49F3 /* AddTaskView.swift */; };
/* End PBXBuildFile section */

/* Begin PBXFileReference section */
		1DF01A1E30137597008C49F3 /* StudyFlow.app */ = {isa = PBXFileReference; explicitFileType = wrapper.application; includeInIndex = 0; path = StudyFlow.app; sourceTree = BUILT_PRODUCTS_DIR; };
		1DF01A30301377DF008C49F3 /* ClassSession.swift */ = {isa = PBXFileReference; lastKnownFileType = sourcecode.swift; path = ClassSession.swift; sourceTree = "<group>"; };
		1DF01A4030137986008C49F3 /* Assets.xcassets */ = {isa = PBXFileReference; lastKnownFileType = folder.assetcatalog; path = Assets.xcassets; sourceTree = "<group>"; };
		1DF01A4130137986008C49F3 /* ContentView.swift */ = {isa = PBXFileReference; lastKnownFileType = sourcecode.swift; path = ContentView.swift; sourceTree = "<group>"; };
		1DF01A4230137986008C49F3 /* Item.swift */ = {isa = PBXFileReference; lastKnownFileType = sourcecode.swift; path = Item.swift; sourceTree = "<group>"; };
		1DF01A4330137986008C49F3 /* StudyFlow.entitlements */ = {isa = PBXFileReference; lastKnownFileType = text.plist.entitlements; path = StudyFlow.entitlements; sourceTree = "<group>"; };
		1DF01A4430137986008C49F3 /* StudyFlowApp.swift */ = {isa = PBXFileReference; lastKnownFileType = sourcecode.swift; path = StudyFlowApp.swift; sourceTree = "<group>"; };
		1DF01A4D30137ADE008C49F3 /* AddClassView.swift */ = {isa = PBXFileReference; lastKnownFileType = sourcecode.swift; path = AddClassView.swift; sourceTree = "<group>"; };
		1DF01A5130137D39008C49F3 /* ClassDetailView.swift */ = {isa = PBXFileReference; lastKnownFileType = sourcecode.swift; path = ClassDetailView.swift; sourceTree = "<group>"; };
		1DF01A5330138343008C49F3 /* DayTimetableView.swift */ = {isa = PBXFileReference; lastKnownFileType = sourcecode.swift; path = DayTimetableView.swift; sourceTree = "<group>"; };
		1DF01A5530138357008C49F3 /* MonthTimetableView.swift */ = {isa = PBXFileReference; lastKnownFileType = sourcecode.swift; path = MonthTimetableView.swift; sourceTree = "<group>"; };
		1DF01A573014C2D6008C49F3 /* ClassSession+Schedule.swift */ = {isa = PBXFileReference; lastKnownFileType = sourcecode.swift; path = "ClassSession+Schedule.swift"; sourceTree = "<group>"; };
		1DF01A593014C5F8008C49F3 /* WeekTimetableView.swift */ = {isa = PBXFileReference; lastKnownFileType = sourcecode.swift; path = WeekTimetableView.swift; sourceTree = "<group>"; };
		1DF01A5D3014C61E008C49F3 /* Exam.swift */ = {isa = PBXFileReference; lastKnownFileType = sourcecode.swift; path = Exam.swift; sourceTree = "<group>"; };
		1DF01A603014C64C008C49F3 /* ClassCard.swift */ = {isa = PBXFileReference; lastKnownFileType = sourcecode.swift; path = ClassCard.swift; sourceTree = "<group>"; };
		1DF01A613014C659008C49F3 /* TimeColumn.swift */ = {isa = PBXFileReference; lastKnownFileType = sourcecode.swift; path = TimeColumn.swift; sourceTree = "<group>"; };
		1DF01A623014C665008C49F3 /* DayHeader.swift */ = {isa = PBXFileReference; lastKnownFileType = sourcecode.swift; path = DayHeader.swift; sourceTree = "<group>"; };
		1DF01A633014C672008C49F3 /* Toolbar.swift */ = {isa = PBXFileReference; lastKnownFileType = sourcecode.swift; path = Toolbar.swift; sourceTree = "<group>"; };
		1DF01A653014C6F9008C49F3 /* DateExtensions.swift */ = {isa = PBXFileReference; lastKnownFileType = sourcecode.swift; path = DateExtensions.swift; sourceTree = "<group>"; };
		1DF01A663014C709008C49F3 /* ColorExtensions.swift */ = {isa = PBXFileReference; lastKnownFileType = sourcecode.swift; path = ColorExtensions.swift; sourceTree = "<group>"; };
		1DF01A683014CCCB008C49F3 /* EmptySectionView.swift */ = {isa = PBXFileReference; lastKnownFileType = sourcecode.swift; path = EmptySectionView.swift; sourceTree = "<group>"; };
		1DF01A6B3016DE01008C49F3 /* ClassOptions.swift */ = {isa = PBXFileReference; lastKnownFileType = sourcecode.swift; path = ClassOptions.swift; sourceTree = "<group>"; };
		1DF01A6D3016EBE9008C49F3 /* FilterView.swift */ = {isa = PBXFileReference; lastKnownFileType = sourcecode.swift; path = FilterView.swift; sourceTree = "<group>"; };
		1DF01A6F3016ED69008C49F3 /* Task.swift */ = {isa = PBXFileReference; lastKnownFileType = sourcecode.swift; path = Task.swift; sourceTree = "<group>"; };
		1DF01A723016EEC3008C49F3 /* TasksView.swift */ = {isa = PBXFileReference; lastKnownFileType = sourcecode.swift; path = TasksView.swift; sourceTree = "<group>"; };
		1DF01A743016EF2C008C49F3 /* AddTaskView.swift */ = {isa = PBXFileReference; lastKnownFileType = sourcecode.swift; path = AddTaskView.swift; sourceTree = "<group>"; };
/* End PBXFileReference section */

/* Begin PBXFrameworksBuildPhase section */
		1DF01A1B30137597008C49F3 /* Frameworks */ = {
			isa = PBXFrameworksBuildPhase;
			buildActionMask = 2147483647;
			files = (
			);
			runOnlyForDeploymentPostprocessing = 0;
		};
/* End PBXFrameworksBuildPhase section */

/* Begin PBXGroup section */
		1DF01A1530137597008C49F3 = {
			isa = PBXGroup;
			children = (
				1DF01A4C30137A98008C49F3 /* StudyFlo */,
				1DF01A2F301376E7008C49F3 /* Models */,
				1DF01A4A301379CB008C49F3 /* Views */,
				1DF01A5F3014C63D008C49F3 /* Components */,
				1DF01A643014C6E9008C49F3 /* Utilities */,
				1DF01A713016EEB2008C49F3 /* New Group */,
				1DF01A1F30137597008C49F3 /* Products */,
			);
			sourceTree = "<group>";
		};
		1DF01A1F30137597008C49F3 /* Products */ = {
			isa = PBXGroup;
			children = (
				1DF01A1E30137597008C49F3 /* StudyFlow.app */,
			);
			name = Products;
			sourceTree = "<group>";
		};
		1DF01A2F301376E7008C49F3 /* Models */ = {
			isa = PBXGroup;
			children = (
				1DF01A30301377DF008C49F3 /* ClassSession.swift */,
				1DF01A573014C2D6008C49F3 /* ClassSession+Schedule.swift */,
				1DF01A6F3016ED69008C49F3 /* Task.swift */,
				1DF01A5D3014C61E008C49F3 /* Exam.swift */,
			);
			path = Models;
			sourceTree = "<group>";
		};
		1DF01A4A301379CB008C49F3 /* Views */ = {
			isa = PBXGroup;
			children = (
				1DF01A743016EF2C008C49F3 /* AddTaskView.swift */,
				1DF01A723016EEC3008C49F3 /* TasksView.swift */,
				1DF01A6D3016EBE9008C49F3 /* FilterView.swift */,
				1DF01A4130137986008C49F3 /* ContentView.swift */,
				1DF01A593014C5F8008C49F3 /* WeekTimetableView.swift */,
				1DF01A5330138343008C49F3 /* DayTimetableView.swift */,
				1DF01A5530138357008C49F3 /* MonthTimetableView.swift */,
				1DF01A4D30137ADE008C49F3 /* AddClassView.swift */,
				1DF01A5130137D39008C49F3 /* ClassDetailView.swift */,
			);
			path = Views;
			sourceTree = "<group>";
		};
		1DF01A4C30137A98008C49F3 /* StudyFlo */ = {
			isa = PBXGroup;
			children = (
				1DF01A4030137986008C49F3 /* Assets.xcassets */,
				1DF01A4230137986008C49F3 /* Item.swift */,
				1DF01A4330137986008C49F3 /* StudyFlow.entitlements */,
				1DF01A4430137986008C49F3 /* StudyFlowApp.swift */,
			);
			path = StudyFlo;
			sourceTree = "<group>";
		};
		1DF01A5F3014C63D008C49F3 /* Components */ = {
			isa = PBXGroup;
			children = (
				1DF01A603014C64C008C49F3 /* ClassCard.swift */,
				1DF01A613014C659008C49F3 /* TimeColumn.swift */,
				1DF01A623014C665008C49F3 /* DayHeader.swift */,
				1DF01A633014C672008C49F3 /* Toolbar.swift */,
				1DF01A683014CCCB008C49F3 /* EmptySectionView.swift */,
			);
			path = Components;
			sourceTree = "<group>";
		};
		1DF01A643014C6E9008C49F3 /* Utilities */ = {
			isa = PBXGroup;
			children = (
				1DF01A6B3016DE01008C49F3 /* ClassOptions.swift */,
				1DF01A653014C6F9008C49F3 /* DateExtensions.swift */,
				1DF01A663014C709008C49F3 /* ColorExtensions.swift */,
			);
			path = Utilities;
			sourceTree = "<group>";
		};
		1DF01A713016EEB2008C49F3 /* New Group */ = {
			isa = PBXGroup;
			children = (
			);
			path = "New Group";
			sourceTree = "<group>";
		};
/* End PBXGroup section */

/* Begin PBXNativeTarget section */
		1DF01A1D30137597008C49F3 /* StudyFlow */ = {
			isa = PBXNativeTarget;
			buildConfigurationList = 1DF01A2C3013759A008C49F3 /* Build configuration list for PBXNativeTarget "StudyFlow" */;
			buildPhases = (
				1DF01A1A30137597008C49F3 /* Sources */,
				1DF01A1B30137597008C49F3 /* Frameworks */,
				1DF01A1C30137597008C49F3 /* Resources */,
			);
			buildRules = (
			);
			dependencies = (
			);
			name = StudyFlow;
			packageProductDependencies = (
			);
			productName = StudyFlow;
			productReference = 1DF01A1E30137597008C49F3 /* StudyFlow.app */;
			productType = "com.apple.product-type.application";
		};
/* End PBXNativeTarget section */

/* Begin PBXProject section */
		1DF01A1630137597008C49F3 /* Project object */ = {
			isa = PBXProject;
			attributes = {
				BuildIndependentTargetsInParallel = 1;
				LastSwiftUpdateCheck = 1640;
				LastUpgradeCheck = 1640;
				TargetAttributes = {
					1DF01A1D30137597008C49F3 = {
						CreatedOnToolsVersion = 16.4;
					};
				};
			};
			buildConfigurationList = 1DF01A1930137597008C49F3 /* Build configuration list for PBXProject "StudyFlow" */;
			developmentRegion = en;
			hasScannedForEncodings = 0;
			knownRegions = (
				en,
				Base,
			);
			mainGroup = 1DF01A1530137597008C49F3;
			minimizedProjectReferenceProxies = 1;
			preferredProjectObjectVersion = 77;
			productRefGroup = 1DF01A1F30137597008C49F3 /* Products */;
			projectDirPath = "";
			projectRoot = "";
			targets = (
				1DF01A1D30137597008C49F3 /* StudyFlow */,
			);
		};
/* End PBXProject section */

/* Begin PBXResourcesBuildPhase section */
		1DF01A1C30137597008C49F3 /* Resources */ = {
			isa = PBXResourcesBuildPhase;
			buildActionMask = 2147483647;
			files = (
				1DF01A4930137986008C49F3 /* Assets.xcassets in Resources */,
			);
			runOnlyForDeploymentPostprocessing = 0;
		};
/* End PBXResourcesBuildPhase section */

/* Begin PBXSourcesBuildPhase section */
		1DF01A1A30137597008C49F3 /* Sources */ = {
			isa = PBXSourcesBuildPhase;
			buildActionMask = 2147483647;
			files = (
				1DF01A5430138351008C49F3 /* DayTimetableView.swift in Sources */,
				1DF01A5230137D42008C49F3 /* ClassDetailView.swift in Sources */,
				1DF01A31301377EC008C49F3 /* ClassSession.swift in Sources */,
				1DF01A753016EF35008C49F3 /* AddTaskView.swift in Sources */,
				1DF01A5630138360008C49F3 /* MonthTimetableView.swift in Sources */,
				1DF01A6A3014CE24008C49F3 /* ClassCard.swift in Sources */,
				1DF01A4E30137AE9008C49F3 /* AddClassView.swift in Sources */,
				1DF01A4630137986008C49F3 /* ContentView.swift in Sources */,
				1DF01A733016EECF008C49F3 /* TasksView.swift in Sources */,
				1DF01A6C3016E092008C49F3 /* ClassOptions.swift in Sources */,
				1DF01A693014CCE9008C49F3 /* EmptySectionView.swift in Sources */,
				1DF01A5A3014C604008C49F3 /* WeekTimetableView.swift in Sources */,
				1DF01A5E3014C620008C49F3 /* Exam.swift in Sources */,
				1DF01A6E3016EBF2008C49F3 /* FilterView.swift in Sources */,
				1DF01A4830137986008C49F3 /* StudyFlowApp.swift in Sources */,
				1DF01A4730137986008C49F3 /* Item.swift in Sources */,
				1DF01A703016ED6B008C49F3 /* Task.swift in Sources */,
				1DF01A583014C2E7008C49F3 /* ClassSession+Schedule.swift in Sources */,
			);
			runOnlyForDeploymentPostprocessing = 0;
		};
/* End PBXSourcesBuildPhase section */

/* Begin XCBuildConfiguration section */
		1DF01A2A3013759A008C49F3 /* Debug */ = {
			isa = XCBuildConfiguration;
			buildSettings = {
				ALWAYS_SEARCH_USER_PATHS = NO;
				ASSETCATALOG_COMPILER_GENERATE_SWIFT_ASSET_SYMBOL_EXTENSIONS = YES;
				CLANG_ANALYZER_NONNULL = YES;
				CLANG_ANALYZER_NUMBER_OBJECT_CONVERSION = YES_AGGRESSIVE;
				CLANG_CXX_LANGUAGE_STANDARD = "gnu++20";
				CLANG_ENABLE_MODULES = YES;
				CLANG_ENABLE_OBJC_ARC = YES;
				CLANG_ENABLE_OBJC_WEAK = YES;
				CLANG_WARN_BLOCK_CAPTURE_AUTORELEASING = YES;
				CLANG_WARN_BOOL_CONVERSION = YES;
				CLANG_WARN_COMMA = YES;
				CLANG_WARN_CONSTANT_CONVERSION = YES;
				CLANG_WARN_DEPRECATED_OBJC_IMPLEMENTATIONS = YES;
				CLANG_WARN_DIRECT_OBJC_ISA_USAGE = YES_ERROR;
				CLANG_WARN_DOCUMENTATION_COMMENTS = YES;
				CLANG_WARN_EMPTY_BODY = YES;
				CLANG_WARN_ENUM_CONVERSION = YES;
				CLANG_WARN_INFINITE_RECURSION = YES;
				CLANG_WARN_INT_CONVERSION = YES;
				CLANG_WARN_NON_LITERAL_NULL_CONVERSION = YES;
				CLANG_WARN_OBJC_IMPLICIT_RETAIN_SELF = YES;
				CLANG_WARN_OBJC_LITERAL_CONVERSION = YES;
				CLANG_WARN_OBJC_ROOT_CLASS = YES_ERROR;
				CLANG_WARN_QUOTED_INCLUDE_IN_FRAMEWORK_HEADER = YES;
				CLANG_WARN_RANGE_LOOP_ANALYSIS = YES;
				CLANG_WARN_STRICT_PROTOTYPES = YES;
				CLANG_WARN_SUSPICIOUS_MOVE = YES;
				CLANG_WARN_UNGUARDED_AVAILABILITY = YES_AGGRESSIVE;
				CLANG_WARN_UNREACHABLE_CODE = YES;
				CLANG_WARN__DUPLICATE_METHOD_MATCH = YES;
				COPY_PHASE_STRIP = NO;
				DEBUG_INFORMATION_FORMAT = dwarf;
				DEVELOPMENT_TEAM = J77H45SJL7;
				ENABLE_STRICT_OBJC_MSGSEND = YES;
				ENABLE_TESTABILITY = YES;
				ENABLE_USER_SCRIPT_SANDBOXING = YES;
				GCC_C_LANGUAGE_STANDARD = gnu17;
				GCC_DYNAMIC_NO_PIC = NO;
				GCC_NO_COMMON_BLOCKS = YES;
				GCC_OPTIMIZATION_LEVEL = 0;
				GCC_PREPROCESSOR_DEFINITIONS = (
					"DEBUG=1",
					"$(inherited)",
				);
				GCC_WARN_64_TO_32_BIT_CONVERSION = YES;
				GCC_WARN_ABOUT_RETURN_TYPE = YES_ERROR;
				GCC_WARN_UNDECLARED_SELECTOR = YES;
				GCC_WARN_UNINITIALIZED_AUTOS = YES_AGGRESSIVE;
				GCC_WARN_UNUSED_FUNCTION = YES;
				GCC_WARN_UNUSED_VARIABLE = YES;
				LOCALIZATION_PREFERS_STRING_CATALOGS = YES;
				MACOSX_DEPLOYMENT_TARGET = 15.5;
				MTL_ENABLE_DEBUG_INFO = INCLUDE_SOURCE;
				MTL_FAST_MATH = YES;
				ONLY_ACTIVE_ARCH = YES;
				SDKROOT = macosx;
				SWIFT_ACTIVE_COMPILATION_CONDITIONS = "DEBUG $(inherited)";
				SWIFT_OPTIMIZATION_LEVEL = "-Onone";
			};
			name = Debug;
		};
		1DF01A2B3013759A008C49F3 /* Release */ = {
			isa = XCBuildConfiguration;
			buildSettings = {
				ALWAYS_SEARCH_USER_PATHS = NO;
				ASSETCATALOG_COMPILER_GENERATE_SWIFT_ASSET_SYMBOL_EXTENSIONS = YES;
				CLANG_ANALYZER_NONNULL = YES;
				CLANG_ANALYZER_NUMBER_OBJECT_CONVERSION = YES_AGGRESSIVE;
				CLANG_CXX_LANGUAGE_STANDARD = "gnu++20";
				CLANG_ENABLE_MODULES = YES;
				CLANG_ENABLE_OBJC_ARC = YES;
				CLANG_ENABLE_OBJC_WEAK = YES;
				CLANG_WARN_BLOCK_CAPTURE_AUTORELEASING = YES;
				CLANG_WARN_BOOL_CONVERSION = YES;
				CLANG_WARN_COMMA = YES;
				CLANG_WARN_CONSTANT_CONVERSION = YES;
				CLANG_WARN_DEPRECATED_OBJC_IMPLEMENTATIONS = YES;
				CLANG_WARN_DIRECT_OBJC_ISA_USAGE = YES_ERROR;
				CLANG_WARN_DOCUMENTATION_COMMENTS = YES;
				CLANG_WARN_EMPTY_BODY = YES;
				CLANG_WARN_ENUM_CONVERSION = YES;
				CLANG_WARN_INFINITE_RECURSION = YES;
				CLANG_WARN_INT_CONVERSION = YES;
				CLANG_WARN_NON_LITERAL_NULL_CONVERSION = YES;
				CLANG_WARN_OBJC_IMPLICIT_RETAIN_SELF = YES;
				CLANG_WARN_OBJC_LITERAL_CONVERSION = YES;
				CLANG_WARN_OBJC_ROOT_CLASS = YES_ERROR;
				CLANG_WARN_QUOTED_INCLUDE_IN_FRAMEWORK_HEADER = YES;
				CLANG_WARN_RANGE_LOOP_ANALYSIS = YES;
				CLANG_WARN_STRICT_PROTOTYPES = YES;
				CLANG_WARN_SUSPICIOUS_MOVE = YES;
				CLANG_WARN_UNGUARDED_AVAILABILITY = YES_AGGRESSIVE;
				CLANG_WARN_UNREACHABLE_CODE = YES;
				CLANG_WARN__DUPLICATE_METHOD_MATCH = YES;
				COPY_PHASE_STRIP = NO;
				DEBUG_INFORMATION_FORMAT = "dwarf-with-dsym";
				DEVELOPMENT_TEAM = J77H45SJL7;
				ENABLE_NS_ASSERTIONS = NO;
				ENABLE_STRICT_OBJC_MSGSEND = YES;
				ENABLE_USER_SCRIPT_SANDBOXING = YES;
				GCC_C_LANGUAGE_STANDARD = gnu17;
				GCC_NO_COMMON_BLOCKS = YES;
				GCC_WARN_64_TO_32_BIT_CONVERSION = YES;
				GCC_WARN_ABOUT_RETURN_TYPE = YES_ERROR;
				GCC_WARN_UNDECLARED_SELECTOR = YES;
				GCC_WARN_UNINITIALIZED_AUTOS = YES_AGGRESSIVE;
				GCC_WARN_UNUSED_FUNCTION = YES;
				GCC_WARN_UNUSED_VARIABLE = YES;
				LOCALIZATION_PREFERS_STRING_CATALOGS = YES;
				MACOSX_DEPLOYMENT_TARGET = 15.5;
				MTL_ENABLE_DEBUG_INFO = NO;
				MTL_FAST_MATH = YES;
				SDKROOT = macosx;
				SWIFT_COMPILATION_MODE = wholemodule;
			};
			name = Release;
		};
		1DF01A2D3013759A008C49F3 /* Debug */ = {
			isa = XCBuildConfiguration;
			buildSettings = {
				ASSETCATALOG_COMPILER_APPICON_NAME = AppIcon;
				ASSETCATALOG_COMPILER_GLOBAL_ACCENT_COLOR_NAME = AccentColor;
				CODE_SIGN_ENTITLEMENTS = "";
				CODE_SIGN_STYLE = Automatic;
				COMBINE_HIDPI_IMAGES = YES;
				CURRENT_PROJECT_VERSION = 1;
				DEVELOPMENT_TEAM = J77H45SJL7;
				ENABLE_HARDENED_RUNTIME = YES;
				ENABLE_PREVIEWS = YES;
				GENERATE_INFOPLIST_FILE = YES;
				INFOPLIST_KEY_NSHumanReadableCopyright = "";
				LD_RUNPATH_SEARCH_PATHS = (
					"$(inherited)",
					"@executable_path/../Frameworks",
				);
				MACOSX_DEPLOYMENT_TARGET = 14.0;
				MARKETING_VERSION = 1.0;
				PRODUCT_BUNDLE_IDENTIFIER = com.yunakim.StudyFlow;
				PRODUCT_NAME = "$(TARGET_NAME)";
				REGISTER_APP_GROUPS = YES;
				SWIFT_EMIT_LOC_STRINGS = YES;
				SWIFT_VERSION = 5.0;
			};
			name = Debug;
		};
		1DF01A2E3013759A008C49F3 /* Release */ = {
			isa = XCBuildConfiguration;
			buildSettings = {
				ASSETCATALOG_COMPILER_APPICON_NAME = AppIcon;
				ASSETCATALOG_COMPILER_GLOBAL_ACCENT_COLOR_NAME = AccentColor;
				CODE_SIGN_ENTITLEMENTS = "";
				CODE_SIGN_STYLE = Automatic;
				COMBINE_HIDPI_IMAGES = YES;
				CURRENT_PROJECT_VERSION = 1;
				DEVELOPMENT_TEAM = J77H45SJL7;
				ENABLE_HARDENED_RUNTIME = YES;
				ENABLE_PREVIEWS = YES;
				GENERATE_INFOPLIST_FILE = YES;
				INFOPLIST_KEY_NSHumanReadableCopyright = "";
				LD_RUNPATH_SEARCH_PATHS = (
					"$(inherited)",
					"@executable_path/../Frameworks",
				);
				MACOSX_DEPLOYMENT_TARGET = 14.0;
				MARKETING_VERSION = 1.0;
				PRODUCT_BUNDLE_IDENTIFIER = com.yunakim.StudyFlow;
				PRODUCT_NAME = "$(TARGET_NAME)";
				REGISTER_APP_GROUPS = YES;
				SWIFT_EMIT_LOC_STRINGS = YES;
				SWIFT_VERSION = 5.0;
			};
			name = Release;
		};
/* End XCBuildConfiguration section */

/* Begin XCConfigurationList section */
		1DF01A1930137597008C49F3 /* Build configuration list for PBXProject "StudyFlow" */ = {
			isa = XCConfigurationList;
			buildConfigurations = (
				1DF01A2A3013759A008C49F3 /* Debug */,
				1DF01A2B3013759A008C49F3 /* Release */,
			);
			defaultConfigurationIsVisible = 0;
			defaultConfigurationName = Release;
		};
		1DF01A2C3013759A008C49F3 /* Build configuration list for PBXNativeTarget "StudyFlow" */ = {
			isa = XCConfigurationList;
			buildConfigurations = (
				1DF01A2D3013759A008C49F3 /* Debug */,
				1DF01A2E3013759A008C49F3 /* Release */,
			);
			defaultConfigurationIsVisible = 0;
			defaultConfigurationName = Release;
		};
/* End XCConfigurationList section */
	};
	rootObject = 1DF01A1630137597008C49F3 /* Project object */;
}
